
Microsoft Visual Studio Solution File, Format Version 12.00
# Visual Studio Version 16
VisualStudioVersion = 16.0.31025.194
MinimumVisualStudioVersion = 10.0.40219.1
Project("{FAE04EC0-301F-11D3-BF4B-00C04F79EFBC}") = "Microservices.API.Security", "Microservices.API.Security\Microservices.API.Security.csproj", "{DAD56431-5BB9-4457-AD9A-242A33F3B879}"
EndProject
Global
	GlobalSection(SolutionConfigurationPlatforms) = preSolution
		Debug|Any CPU = Debug|Any CPU
		Release|Any CPU = Release|Any CPU
	EndGlobalSection
	GlobalSection(ProjectConfigurationPlatforms) = postSolution
		{DAD56431-5BB9-4457-AD9A-242A33F3B879}.Debug|Any CPU.ActiveCfg = Debug|Any CPU
		{DAD56431-5BB9-4457-AD9A-242A33F3B879}.Debug|Any CPU.Build.0 = Debug|Any CPU
		{DAD56431-5BB9-4457-AD9A-242A33F3B879}.Release|Any CPU.ActiveCfg = Release|Any CPU
		{DAD56431-5BB9-4457-AD9A-242A33F3B879}.Release|Any CPU.Build.0 = Release|Any CPU
	EndGlobalSection
	GlobalSection(SolutionProperties) = preSolution
		HideSolutionNode = FALSE
	EndGlobalSection
	GlobalSection(ExtensibilityGlobals) = postSolution
		SolutionGuid = {91A7C23E-DEBB-426F-B23A-5936F8AF5DDC}
	EndGlobalSection
EndGlobal
